
Microsoft Visual Studio Solution File, Format Version 12.00
# Visual Studio Version 17
VisualStudioVersion = 17.3.32825.248
MinimumVisualStudioVersion = 10.0.40219.1
Project("{FAE04EC0-301F-11D3-BF4B-00C04F79EFBC}") = "WpfApp1", "WpfApp1.csproj", "{1C849EAF-4628-44BD-974A-1BCC4D1DAA5A}"
EndProject
Global
	GlobalSection(SolutionConfigurationPlatforms) = preSolution
		Debug|Any CPU = Debug|Any CPU
		Release|Any CPU = Release|Any CPU
	EndGlobalSection
	GlobalSection(ProjectConfigurationPlatforms) = postSolution
		{1C849EAF-4628-44BD-974A-1BCC4D1DAA5A}.Debug|Any CPU.ActiveCfg = Debug|Any CPU
		{1C849EAF-4628-44BD-974A-1BCC4D1DAA5A}.Debug|Any CPU.Build.0 = Debug|Any CPU
		{1C849EAF-4628-44BD-974A-1BCC4D1DAA5A}.Release|Any CPU.ActiveCfg = Release|Any CPU
		{1C849EAF-4628-44BD-974A-1BCC4D1DAA5A}.Release|Any CPU.Build.0 = Release|Any CPU
	EndGlobalSection
	GlobalSection(SolutionProperties) = preSolution
		HideSolutionNode = FALSE
	EndGlobalSection
	GlobalSection(ExtensibilityGlobals) = postSolution
		SolutionGuid = {22F808C3-8AAC-468F-9AD5-3A750FE73478}
	EndGlobalSection
EndGlobal
